
Microsoft Visual Studio Solution File, Format Version 12.00
# Visual Studio Version 17
VisualStudioVersion = 17.0.31903.59
MinimumVisualStudioVersion = 10.0.40219.1
Project("{2150E333-8FDC-42A3-9474-1A3956D46DE8}") = "src", "../src", "{49887381-3C1B-4D7F-B21E-0734FDAA8001}"
EndProject
Project("{FAE04EC0-301F-11D3-BF4B-00C04F79EFBC}") = "RetroBar.Shim", "../src\RetroBar.Shim\RetroBar.Shim.csproj", "{3B230921-4776-4473-928E-6D5839864856}"
EndProject
Project("{FAE04EC0-301F-11D3-BF4B-00C04F79EFBC}") = "Win7Taskbar", "../src\Win7Taskbar\Win7Taskbar.csproj", "{6C1482C0-9FC1-488A-B2A9-2B971163B55F}"
EndProject
Project("{2150E333-8FDC-42A3-9474-1A3956D46DE8}") = "tests", "../tests", "{22EEAB3D-9F47-46F8-89C8-64CB9AA18E53}"
EndProject
Global
	GlobalSection(SolutionConfigurationPlatforms) = preSolution
		Debug|Any CPU = Debug|Any CPU
		Release|Any CPU = Release|Any CPU
	EndGlobalSection
	GlobalSection(SolutionProperties) = preSolution
		HideSolutionNode = FALSE
	EndGlobalSection
	GlobalSection(ProjectConfigurationPlatforms) = postSolution
		{3B230921-4776-4473-928E-6D5839864856}.Debug|Any CPU.ActiveCfg = Debug|Any CPU
		{3B230921-4776-4473-928E-6D5839864856}.Debug|Any CPU.Build.0 = Debug|Any CPU
		{3B230921-4776-4473-928E-6D5839864856}.Release|Any CPU.ActiveCfg = Release|Any CPU
		{3B230921-4776-4473-928E-6D5839864856}.Release|Any CPU.Build.0 = Release|Any CPU
		{6C1482C0-9FC1-488A-B2A9-2B971163B55F}.Debug|Any CPU.ActiveCfg = Debug|x64
		{6C1482C0-9FC1-488A-B2A9-2B971163B55F}.Debug|Any CPU.Build.0 = Debug|x64
		{6C1482C0-9FC1-488A-B2A9-2B971163B55F}.Release|Any CPU.ActiveCfg = Release|x64
		{6C1482C0-9FC1-488A-B2A9-2B971163B55F}.Release|Any CPU.Build.0 = Release|x64
	EndGlobalSection
	GlobalSection(NestedProjects) = preSolution
		{3B230921-4776-4473-928E-6D5839864856} = {49887381-3C1B-4D7F-B21E-0734FDAA8001}
		{6C1482C0-9FC1-488A-B2A9-2B971163B55F} = {49887381-3C1B-4D7F-B21E-0734FDAA8001}
	EndGlobalSection
EndGlobal
